
Microsoft Visual Studio Solution File, Format Version 12.00
Project("{FAE04EC0-301F-11D3-BF4B-00C04F79EFBC}") = "SLIV", "SLIV\SLIV.csproj", "{CCA84CD8-E2FE-4583-AFF9-BAA1907C6C24}"
EndProject
Project("{FAE04EC0-301F-11D3-BF4B-00C04F79EFBC}") = "Domain", "Domain\Domain.csproj", "{CB92D960-0CBF-421D-B45C-60F00E2C0AF7}"
EndProject
Project("{FAE04EC0-301F-11D3-BF4B-00C04F79EFBC}") = "Persistance", "Persistance\Persistance.csproj", "{39349DA4-EED6-43C9-B44C-24287126994F}"
EndProject
Project("{FAE04EC0-301F-11D3-BF4B-00C04F79EFBC}") = "Services.Abstractions", "Services.Abstractions\Services.Abstractions.csproj", "{E6390C76-8E2F-4265-8A31-70FDC82C2608}"
EndProject
Project("{FAE04EC0-301F-11D3-BF4B-00C04F79EFBC}") = "Services", "Services\Services.csproj", "{0DF4273C-1CE3-4B0D-AE5F-F19ECAF1FEB6}"
EndProject
Project("{FAE04EC0-301F-11D3-BF4B-00C04F79EFBC}") = "Contracts", "Contracts\Contracts.csproj", "{BB592FA6-CAAB-4027-9435-911143A2E556}"
EndProject
Project("{2150E333-8FDC-42A3-9474-1A3956D46DE8}") = "Core", "Core", "{E74BCEE4-059D-4ED3-8B7F-F46D94F18708}"
EndProject
Project("{2150E333-8FDC-42A3-9474-1A3956D46DE8}") = "Infrastructure", "Infrastructure", "{2F6D790A-04E0-4839-99A9-83F5C768FEE3}"
EndProject
Global
	GlobalSection(SolutionConfigurationPlatforms) = preSolution
		Debug|Any CPU = Debug|Any CPU
		Release|Any CPU = Release|Any CPU
	EndGlobalSection
	GlobalSection(ProjectConfigurationPlatforms) = postSolution
		{CCA84CD8-E2FE-4583-AFF9-BAA1907C6C24}.Debug|Any CPU.ActiveCfg = Debug|Any CPU
		{CCA84CD8-E2FE-4583-AFF9-BAA1907C6C24}.Debug|Any CPU.Build.0 = Debug|Any CPU
		{CCA84CD8-E2FE-4583-AFF9-BAA1907C6C24}.Release|Any CPU.ActiveCfg = Release|Any CPU
		{CCA84CD8-E2FE-4583-AFF9-BAA1907C6C24}.Release|Any CPU.Build.0 = Release|Any CPU
		{CB92D960-0CBF-421D-B45C-60F00E2C0AF7}.Debug|Any CPU.ActiveCfg = Debug|Any CPU
		{CB92D960-0CBF-421D-B45C-60F00E2C0AF7}.Debug|Any CPU.Build.0 = Debug|Any CPU
		{CB92D960-0CBF-421D-B45C-60F00E2C0AF7}.Release|Any CPU.ActiveCfg = Release|Any CPU
		{CB92D960-0CBF-421D-B45C-60F00E2C0AF7}.Release|Any CPU.Build.0 = Release|Any CPU
		{39349DA4-EED6-43C9-B44C-24287126994F}.Debug|Any CPU.ActiveCfg = Debug|Any CPU
		{39349DA4-EED6-43C9-B44C-24287126994F}.Debug|Any CPU.Build.0 = Debug|Any CPU
		{39349DA4-EED6-43C9-B44C-24287126994F}.Release|Any CPU.ActiveCfg = Release|Any CPU
		{39349DA4-EED6-43C9-B44C-24287126994F}.Release|Any CPU.Build.0 = Release|Any CPU
		{E6390C76-8E2F-4265-8A31-70FDC82C2608}.Debug|Any CPU.ActiveCfg = Debug|Any CPU
		{E6390C76-8E2F-4265-8A31-70FDC82C2608}.Debug|Any CPU.Build.0 = Debug|Any CPU
		{E6390C76-8E2F-4265-8A31-70FDC82C2608}.Release|Any CPU.ActiveCfg = Release|Any CPU
		{E6390C76-8E2F-4265-8A31-70FDC82C2608}.Release|Any CPU.Build.0 = Release|Any CPU
		{0DF4273C-1CE3-4B0D-AE5F-F19ECAF1FEB6}.Debug|Any CPU.ActiveCfg = Debug|Any CPU
		{0DF4273C-1CE3-4B0D-AE5F-F19ECAF1FEB6}.Debug|Any CPU.Build.0 = Debug|Any CPU
		{0DF4273C-1CE3-4B0D-AE5F-F19ECAF1FEB6}.Release|Any CPU.ActiveCfg = Release|Any CPU
		{0DF4273C-1CE3-4B0D-AE5F-F19ECAF1FEB6}.Release|Any CPU.Build.0 = Release|Any CPU
		{BB592FA6-CAAB-4027-9435-911143A2E556}.Debug|Any CPU.ActiveCfg = Debug|Any CPU
		{BB592FA6-CAAB-4027-9435-911143A2E556}.Debug|Any CPU.Build.0 = Debug|Any CPU
		{BB592FA6-CAAB-4027-9435-911143A2E556}.Release|Any CPU.ActiveCfg = Release|Any CPU
		{BB592FA6-CAAB-4027-9435-911143A2E556}.Release|Any CPU.Build.0 = Release|Any CPU
	EndGlobalSection
	GlobalSection(NestedProjects) = preSolution
		{CB92D960-0CBF-421D-B45C-60F00E2C0AF7} = {E74BCEE4-059D-4ED3-8B7F-F46D94F18708}
		{BB592FA6-CAAB-4027-9435-911143A2E556} = {E74BCEE4-059D-4ED3-8B7F-F46D94F18708}
		{0DF4273C-1CE3-4B0D-AE5F-F19ECAF1FEB6} = {E74BCEE4-059D-4ED3-8B7F-F46D94F18708}
		{E6390C76-8E2F-4265-8A31-70FDC82C2608} = {E74BCEE4-059D-4ED3-8B7F-F46D94F18708}
		{39349DA4-EED6-43C9-B44C-24287126994F} = {2F6D790A-04E0-4839-99A9-83F5C768FEE3}
	EndGlobalSection
EndGlobal
